
Microsoft Visual Studio Solution File, Format Version 11.00
# Visual Studio 2010
Project("{FAE04EC0-301F-11D3-BF4B-00C04F79EFBC}") = "Assembly-CSharp", "Assembly-CSharp.csproj", "{61eb7da7-ba50-2b3d-ba85-cd07c2db2c66}"
EndProject
Project("{FAE04EC0-301F-11D3-BF4B-00C04F79EFBC}") = "Unity.Collections", "Unity.Collections.csproj", "{def3b057-d9d1-5ce0-bfae-9cee53dad136}"
EndProject
Project("{FAE04EC0-301F-11D3-BF4B-00C04F79EFBC}") = "Unity.Collections.Tests", "Unity.Collections.Tests.csproj", "{5c7ad018-f0ea-5ed9-5550-1ddb90aba297}"
EndProject
Project("{FAE04EC0-301F-11D3-BF4B-00C04F79EFBC}") = "Assembly-CSharp-Editor", "Assembly-CSharp-Editor.csproj", "{d00500db-6fe4-6e23-2f57-76542fed5f47}"
EndProject
Global
	GlobalSection(SolutionConfigurationPlatforms) = preSolution
		Debug|Any CPU = Debug|Any CPU
	EndGlobalSection
	GlobalSection(ProjectConfigurationPlatforms) = postSolution
		{61eb7da7-ba50-2b3d-ba85-cd07c2db2c66}.Debug|Any CPU.ActiveCfg = Debug|Any CPU
		{61eb7da7-ba50-2b3d-ba85-cd07c2db2c66}.Debug|Any CPU.Build.0 = Debug|Any CPU
		{def3b057-d9d1-5ce0-bfae-9cee53dad136}.Debug|Any CPU.ActiveCfg = Debug|Any CPU
		{def3b057-d9d1-5ce0-bfae-9cee53dad136}.Debug|Any CPU.Build.0 = Debug|Any CPU
		{5c7ad018-f0ea-5ed9-5550-1ddb90aba297}.Debug|Any CPU.ActiveCfg = Debug|Any CPU
		{5c7ad018-f0ea-5ed9-5550-1ddb90aba297}.Debug|Any CPU.Build.0 = Debug|Any CPU
		{d00500db-6fe4-6e23-2f57-76542fed5f47}.Debug|Any CPU.ActiveCfg = Debug|Any CPU
		{d00500db-6fe4-6e23-2f57-76542fed5f47}.Debug|Any CPU.Build.0 = Debug|Any CPU
	EndGlobalSection
	GlobalSection(SolutionProperties) = preSolution
		HideSolutionNode = FALSE
	EndGlobalSection
EndGlobal
